
Microsoft Visual Studio Solution File, Format Version 12.00
# Visual Studio Version 17
VisualStudioVersion = 17.3.32825.248
MinimumVisualStudioVersion = 10.0.40219.1
Project("{9A19103F-16F7-4668-BE54-9A1E7A4F7556}") = "Resqd", "Resqd\Resqd.csproj", "{0ADD02CC-65BF-44EB-BC23-60ECBC780368}"
EndProject
Project("{FAE04EC0-301F-11D3-BF4B-00C04F79EFBC}") = "TestApp", "TestApp\TestApp.csproj", "{B4065341-1A06-42E1-9E55-67B45F014752}"
EndProject
Global
	GlobalSection(SolutionConfigurationPlatforms) = preSolution
		Debug|Any CPU = Debug|Any CPU
		Release|Any CPU = Release|Any CPU
	EndGlobalSection
	GlobalSection(ProjectConfigurationPlatforms) = postSolution
		{0ADD02CC-65BF-44EB-BC23-60ECBC780368}.Debug|Any CPU.ActiveCfg = Debug|Any CPU
		{0ADD02CC-65BF-44EB-BC23-60ECBC780368}.Debug|Any CPU.Build.0 = Debug|Any CPU
		{0ADD02CC-65BF-44EB-BC23-60ECBC780368}.Release|Any CPU.ActiveCfg = Release|Any CPU
		{0ADD02CC-65BF-44EB-BC23-60ECBC780368}.Release|Any CPU.Build.0 = Release|Any CPU
		{B4065341-1A06-42E1-9E55-67B45F014752}.Debug|Any CPU.ActiveCfg = Debug|Any CPU
		{B4065341-1A06-42E1-9E55-67B45F014752}.Debug|Any CPU.Build.0 = Debug|Any CPU
		{B4065341-1A06-42E1-9E55-67B45F014752}.Release|Any CPU.ActiveCfg = Release|Any CPU
		{B4065341-1A06-42E1-9E55-67B45F014752}.Release|Any CPU.Build.0 = Release|Any CPU
	EndGlobalSection
	GlobalSection(SolutionProperties) = preSolution
		HideSolutionNode = FALSE
	EndGlobalSection
	GlobalSection(ExtensibilityGlobals) = postSolution
		SolutionGuid = {6C79D966-3660-42DA-A269-7BC1BD7D3DD7}
	EndGlobalSection
EndGlobal
